{
  "requires": true,
  "lockfileVersion": 1,
  "dependencies": {
    "prettier": {
      "version": "1.18.2",
      "resolved": "https://registry.npmjs.org/prettier/-/prettier-1.18.2.tgz",
      "integrity": "sha512-OeHeMc0JhFE9idD4ZdtNibzY0+TPHSpSSb9h8FqtP+YnoZZ1sl8Vc9b1sasjfymH3SonAF4QcA2+mzHPhMvIiw=="
    },
    "react-notification-alert": {
      "version": "0.0.12",
      "resolved": "https://registry.npmjs.org/react-notification-alert/-/react-notification-alert-0.0.12.tgz",
      "integrity": "sha512-6GBpWe45zWEflV8c98l82HRl67iku2ARJ2FTbJh5kWiU/NyNb71l7CPKifkmDAdipDj0mouTxw8/3sRSVOMdvQ=="
    }
  }
}
