{
  "name": "bookshelfbackend",
  "version": "1.0.0",
  "lockfileVersion": 1,
  "requires": true,
  "dependencies": {
    "@nestjs/mongoose": {
      "version": "6.1.2",
      "resolved": "https://registry.npmjs.org/@nestjs/mongoose/-/mongoose-6.1.2.tgz",
      "integrity": "sha512-BkbkguvaPPGbL/41lK6P22DaQodBC9Yv9rUAmNlQVShChtwss7/cGj68AKC3jEoidrx75wCyDO3P8Tp6pggE4w=="
    }
  }
}
